
Microsoft Visual Studio Solution File, Format Version 12.00
# Visual Studio Version 16
VisualStudioVersion = 16.0.29424.173
MinimumVisualStudioVersion = 10.0.40219.1
Project("{FAE04EC0-301F-11D3-BF4B-00C04F79EFBC}") = "WebApplication2", "WebApplication2\WebApplication2.csproj", "{2AAB984D-5563-438E-8DE2-90B65950493A}"
EndProject
Global
	GlobalSection(SolutionConfigurationPlatforms) = preSolution
		Debug|Any CPU = Debug|Any CPU
		Release|Any CPU = Release|Any CPU
	EndGlobalSection
	GlobalSection(ProjectConfigurationPlatforms) = postSolution
		{2AAB984D-5563-438E-8DE2-90B65950493A}.Debug|Any CPU.ActiveCfg = Debug|Any CPU
		{2AAB984D-5563-438E-8DE2-90B65950493A}.Debug|Any CPU.Build.0 = Debug|Any CPU
		{2AAB984D-5563-438E-8DE2-90B65950493A}.Release|Any CPU.ActiveCfg = Release|Any CPU
		{2AAB984D-5563-438E-8DE2-90B65950493A}.Release|Any CPU.Build.0 = Release|Any CPU
	EndGlobalSection
	GlobalSection(SolutionProperties) = preSolution
		HideSolutionNode = FALSE
	EndGlobalSection
	GlobalSection(ExtensibilityGlobals) = postSolution
		SolutionGuid = {D4142751-D89C-405E-BC6F-AC8EF90F24D6}
	EndGlobalSection
EndGlobal
